
Microsoft Visual Studio Solution File, Format Version 12.00
# Visual Studio Version 17
VisualStudioVersion = 17.9.34723.18
MinimumVisualStudioVersion = 10.0.40219.1
Project("{FAE04EC0-301F-11D3-BF4B-00C04F79EFBC}") = "CashIdentityProject.EntityLayer", "CashIdentityProject.EntityLayer\CashIdentityProject.EntityLayer.csproj", "{2000ED34-E677-42B8-BC31-739922183195}"
EndProject
Project("{FAE04EC0-301F-11D3-BF4B-00C04F79EFBC}") = "CashIdentityProject.DataAccesLayer", "CashIdentityProject.DataAccesLayer\CashIdentityProject.DataAccesLayer.csproj", "{2148BA07-E043-4947-8D1B-B2788A672396}"
EndProject
Project("{FAE04EC0-301F-11D3-BF4B-00C04F79EFBC}") = "CashIdentityProject.BusinnesLayer", "CashIdentityProject.BusinnesLayer\CashIdentityProject.BusinnesLayer.csproj", "{C961C570-941C-437F-BC83-CE205D19FBD0}"
EndProject
Project("{FAE04EC0-301F-11D3-BF4B-00C04F79EFBC}") = "CashIdentityProject.DtoLayer", "CashIdentityProject.DtoLayer\CashIdentityProject.DtoLayer.csproj", "{868660A1-08E2-4E15-A2B1-88F4CDC222CF}"
EndProject
Project("{FAE04EC0-301F-11D3-BF4B-00C04F79EFBC}") = "CashIdentityProject.PresentationLayer", "CashIdentityProject.PresentationLayer\CashIdentityProject.PresentationLayer.csproj", "{09B92233-A4B9-4787-AF03-D07C6FF64217}"
EndProject
Global
	GlobalSection(SolutionConfigurationPlatforms) = preSolution
		Debug|Any CPU = Debug|Any CPU
		Release|Any CPU = Release|Any CPU
	EndGlobalSection
	GlobalSection(ProjectConfigurationPlatforms) = postSolution
		{2000ED34-E677-42B8-BC31-739922183195}.Debug|Any CPU.ActiveCfg = Debug|Any CPU
		{2000ED34-E677-42B8-BC31-739922183195}.Debug|Any CPU.Build.0 = Debug|Any CPU
		{2000ED34-E677-42B8-BC31-739922183195}.Release|Any CPU.ActiveCfg = Release|Any CPU
		{2000ED34-E677-42B8-BC31-739922183195}.Release|Any CPU.Build.0 = Release|Any CPU
		{2148BA07-E043-4947-8D1B-B2788A672396}.Debug|Any CPU.ActiveCfg = Debug|Any CPU
		{2148BA07-E043-4947-8D1B-B2788A672396}.Debug|Any CPU.Build.0 = Debug|Any CPU
		{2148BA07-E043-4947-8D1B-B2788A672396}.Release|Any CPU.ActiveCfg = Release|Any CPU
		{2148BA07-E043-4947-8D1B-B2788A672396}.Release|Any CPU.Build.0 = Release|Any CPU
		{C961C570-941C-437F-BC83-CE205D19FBD0}.Debug|Any CPU.ActiveCfg = Debug|Any CPU
		{C961C570-941C-437F-BC83-CE205D19FBD0}.Debug|Any CPU.Build.0 = Debug|Any CPU
		{C961C570-941C-437F-BC83-CE205D19FBD0}.Release|Any CPU.ActiveCfg = Release|Any CPU
		{C961C570-941C-437F-BC83-CE205D19FBD0}.Release|Any CPU.Build.0 = Release|Any CPU
		{868660A1-08E2-4E15-A2B1-88F4CDC222CF}.Debug|Any CPU.ActiveCfg = Debug|Any CPU
		{868660A1-08E2-4E15-A2B1-88F4CDC222CF}.Debug|Any CPU.Build.0 = Debug|Any CPU
		{868660A1-08E2-4E15-A2B1-88F4CDC222CF}.Release|Any CPU.ActiveCfg = Release|Any CPU
		{868660A1-08E2-4E15-A2B1-88F4CDC222CF}.Release|Any CPU.Build.0 = Release|Any CPU
		{09B92233-A4B9-4787-AF03-D07C6FF64217}.Debug|Any CPU.ActiveCfg = Debug|Any CPU
		{09B92233-A4B9-4787-AF03-D07C6FF64217}.Debug|Any CPU.Build.0 = Debug|Any CPU
		{09B92233-A4B9-4787-AF03-D07C6FF64217}.Release|Any CPU.ActiveCfg = Release|Any CPU
		{09B92233-A4B9-4787-AF03-D07C6FF64217}.Release|Any CPU.Build.0 = Release|Any CPU
	EndGlobalSection
	GlobalSection(SolutionProperties) = preSolution
		HideSolutionNode = FALSE
	EndGlobalSection
	GlobalSection(ExtensibilityGlobals) = postSolution
		SolutionGuid = {0CF573A0-84E3-40A9-9454-1724BA5DF785}
	EndGlobalSection
EndGlobal
